
Microsoft Visual Studio Solution File, Format Version 12.00
# Visual Studio 2015
Project("{FAE04EC0-301F-11D3-BF4B-00C04F79EFBC}") = "Halloween_Main_Project", "Halloween_Main_Project.csproj", "{9F9AE331-6895-C010-29A2-E088CE398CDD}"
EndProject
Project("{FAE04EC0-301F-11D3-BF4B-00C04F79EFBC}") = "Halloween_Main_Project.Editor", "Halloween_Main_Project.Editor.csproj", "{FDDE260D-EAEA-544C-A15B-D4CE88031C13}"
EndProject
Global
	GlobalSection(SolutionConfigurationPlatforms) = preSolution
		Debug|Any CPU = Debug|Any CPU
		Release|Any CPU = Release|Any CPU
	EndGlobalSection
	GlobalSection(ProjectConfigurationPlatforms) = postSolution
		{9F9AE331-6895-C010-29A2-E088CE398CDD}.Debug|Any CPU.ActiveCfg = Debug|Any CPU
		{9F9AE331-6895-C010-29A2-E088CE398CDD}.Debug|Any CPU.Build.0 = Debug|Any CPU
		{9F9AE331-6895-C010-29A2-E088CE398CDD}.Release|Any CPU.ActiveCfg = Release|Any CPU
		{9F9AE331-6895-C010-29A2-E088CE398CDD}.Release|Any CPU.Build.0 = Release|Any CPU
		{FDDE260D-EAEA-544C-A15B-D4CE88031C13}.Debug|Any CPU.ActiveCfg = Debug|Any CPU
		{FDDE260D-EAEA-544C-A15B-D4CE88031C13}.Debug|Any CPU.Build.0 = Debug|Any CPU
		{FDDE260D-EAEA-544C-A15B-D4CE88031C13}.Release|Any CPU.ActiveCfg = Release|Any CPU
		{FDDE260D-EAEA-544C-A15B-D4CE88031C13}.Release|Any CPU.Build.0 = Release|Any CPU
	EndGlobalSection
	GlobalSection(SolutionProperties) = preSolution
		HideSolutionNode = FALSE
	EndGlobalSection
EndGlobal
